
Microsoft Visual Studio Solution File, Format Version 12.00
# Visual Studio Version 17
VisualStudioVersion = 17.4.33205.214
MinimumVisualStudioVersion = 10.0.40219.1
Project("{FAE04EC0-301F-11D3-BF4B-00C04F79EFBC}") = "LearningLanguagePlayer", "LearningLanguagePlayer\LearningLanguagePlayer.csproj", "{9CADE457-C80D-4ED2-8D62-42A014F341FB}"
EndProject
Global
	GlobalSection(SolutionConfigurationPlatforms) = preSolution
		Debug|Any CPU = Debug|Any CPU
		Release|Any CPU = Release|Any CPU
	EndGlobalSection
	GlobalSection(ProjectConfigurationPlatforms) = postSolution
		{9CADE457-C80D-4ED2-8D62-42A014F341FB}.Debug|Any CPU.ActiveCfg = Debug|Any CPU
		{9CADE457-C80D-4ED2-8D62-42A014F341FB}.Debug|Any CPU.Build.0 = Debug|Any CPU
		{9CADE457-C80D-4ED2-8D62-42A014F341FB}.Release|Any CPU.ActiveCfg = Release|Any CPU
		{9CADE457-C80D-4ED2-8D62-42A014F341FB}.Release|Any CPU.Build.0 = Release|Any CPU
	EndGlobalSection
	GlobalSection(SolutionProperties) = preSolution
		HideSolutionNode = FALSE
	EndGlobalSection
	GlobalSection(ExtensibilityGlobals) = postSolution
		SolutionGuid = {F6604C08-1F96-45F5-A56E-9E98A143B86F}
	EndGlobalSection
EndGlobal
